
Microsoft Visual Studio Solution File, Format Version 12.00
# Visual Studio Version 17
VisualStudioVersion = 17.7.34202.233
MinimumVisualStudioVersion = 10.0.40219.1
Project("{FAE04EC0-301F-11D3-BF4B-00C04F79EFBC}") = "Pi-NAS_Manager", "Pi-NAS_Manager.csproj", "{49763DA6-BC6C-490E-9CD4-D5249BA68BB2}"
EndProject
Global
	GlobalSection(SolutionConfigurationPlatforms) = preSolution
		Debug|Any CPU = Debug|Any CPU
		Release|Any CPU = Release|Any CPU
	EndGlobalSection
	GlobalSection(ProjectConfigurationPlatforms) = postSolution
		{49763DA6-BC6C-490E-9CD4-D5249BA68BB2}.Debug|Any CPU.ActiveCfg = Debug|Any CPU
		{49763DA6-BC6C-490E-9CD4-D5249BA68BB2}.Debug|Any CPU.Build.0 = Debug|Any CPU
		{49763DA6-BC6C-490E-9CD4-D5249BA68BB2}.Release|Any CPU.ActiveCfg = Release|Any CPU
		{49763DA6-BC6C-490E-9CD4-D5249BA68BB2}.Release|Any CPU.Build.0 = Release|Any CPU
	EndGlobalSection
	GlobalSection(SolutionProperties) = preSolution
		HideSolutionNode = FALSE
	EndGlobalSection
	GlobalSection(ExtensibilityGlobals) = postSolution
		SolutionGuid = {70746C6A-DF07-4F92-8210-DCE2BD4804AE}
	EndGlobalSection
EndGlobal
